
Microsoft Visual Studio Solution File, Format Version 11.00
# Visual Studio Express 2012 for Web
Project("{FAE04EC0-301F-11D3-BF4B-00C04F79EFBC}") = "IAnswerable.Web", "IAnswerable.Web\IAnswerable.Web.csproj", "{26F38391-A8F3-4714-A854-8D379CE91120}"
EndProject
Project("{FAE04EC0-301F-11D3-BF4B-00C04F79EFBC}") = "WebFormTest", "..\..\WebFormTest\WebFormTest.csproj", "{7B979A1E-9D4B-4FEA-8735-C7554404891A}"
EndProject
Global
	GlobalSection(SolutionConfigurationPlatforms) = preSolution
		Debug|Any CPU = Debug|Any CPU
		Debug|Mixed Platforms = Debug|Mixed Platforms
		Debug|x86 = Debug|x86
		Release|Any CPU = Release|Any CPU
		Release|Mixed Platforms = Release|Mixed Platforms
		Release|x86 = Release|x86
	EndGlobalSection
	GlobalSection(ProjectConfigurationPlatforms) = postSolution
		{26F38391-A8F3-4714-A854-8D379CE91120}.Debug|Any CPU.ActiveCfg = Debug|Any CPU
		{26F38391-A8F3-4714-A854-8D379CE91120}.Debug|Any CPU.Build.0 = Debug|Any CPU
		{26F38391-A8F3-4714-A854-8D379CE91120}.Debug|Mixed Platforms.ActiveCfg = Debug|Any CPU
		{26F38391-A8F3-4714-A854-8D379CE91120}.Debug|Mixed Platforms.Build.0 = Debug|Any CPU
		{26F38391-A8F3-4714-A854-8D379CE91120}.Debug|x86.ActiveCfg = Debug|Any CPU
		{26F38391-A8F3-4714-A854-8D379CE91120}.Release|Any CPU.ActiveCfg = Release|Any CPU
		{26F38391-A8F3-4714-A854-8D379CE91120}.Release|Any CPU.Build.0 = Release|Any CPU
		{26F38391-A8F3-4714-A854-8D379CE91120}.Release|Mixed Platforms.ActiveCfg = Release|Any CPU
		{26F38391-A8F3-4714-A854-8D379CE91120}.Release|Mixed Platforms.Build.0 = Release|Any CPU
		{26F38391-A8F3-4714-A854-8D379CE91120}.Release|x86.ActiveCfg = Release|Any CPU
		{7B979A1E-9D4B-4FEA-8735-C7554404891A}.Debug|Any CPU.ActiveCfg = Debug|Any CPU
		{7B979A1E-9D4B-4FEA-8735-C7554404891A}.Debug|Any CPU.Build.0 = Debug|Any CPU
		{7B979A1E-9D4B-4FEA-8735-C7554404891A}.Debug|Mixed Platforms.ActiveCfg = Debug|Any CPU
		{7B979A1E-9D4B-4FEA-8735-C7554404891A}.Debug|Mixed Platforms.Build.0 = Debug|Any CPU
		{7B979A1E-9D4B-4FEA-8735-C7554404891A}.Debug|x86.ActiveCfg = Debug|Any CPU
		{7B979A1E-9D4B-4FEA-8735-C7554404891A}.Release|Any CPU.ActiveCfg = Release|Any CPU
		{7B979A1E-9D4B-4FEA-8735-C7554404891A}.Release|Any CPU.Build.0 = Release|Any CPU
		{7B979A1E-9D4B-4FEA-8735-C7554404891A}.Release|Mixed Platforms.ActiveCfg = Release|Any CPU
		{7B979A1E-9D4B-4FEA-8735-C7554404891A}.Release|Mixed Platforms.Build.0 = Release|Any CPU
		{7B979A1E-9D4B-4FEA-8735-C7554404891A}.Release|x86.ActiveCfg = Release|Any CPU
	EndGlobalSection
	GlobalSection(SolutionProperties) = preSolution
		HideSolutionNode = FALSE
	EndGlobalSection
EndGlobal
